Microsoft Visual Studio Solution File, Format Version 10.00
# Visual C++ Express 2008
Project("{8BC9CEB8-8B4A-11D0-8D11-00A0C91BC942}") = "Core", "Core\Core.vcproj", "{260AB6E7-610D-42AD-8B8A-7802701CFAF3}"
EndProject
Project("{8BC9CEB8-8B4A-11D0-8D11-00A0C91BC942}") = "DateTime", "DateTime\DateTime.vcproj", "{3194AB7B-AE85-4C3C-8A85-F5F568D96555}"
	ProjectSection(ProjectDependencies) = postProject
		{C342E420-A8FD-498B-AE6E-FB35488D358B} = {C342E420-A8FD-498B-AE6E-FB35488D358B}
		{E8043869-DF66-451D-9EC4-1CB99A2ACBF5} = {E8043869-DF66-451D-9EC4-1CB99A2ACBF5}
		{260AB6E7-610D-42AD-8B8A-7802701CFAF3} = {260AB6E7-610D-42AD-8B8A-7802701CFAF3}
	EndProjectSection
EndProject
Project("{8BC9CEB8-8B4A-11D0-8D11-00A0C91BC942}") = "Unittest", "Unittest\Unittest.vcproj", "{87615519-6AF6-468F-8B91-60EBE2E3A52C}"
	ProjectSection(ProjectDependencies) = postProject
		{260AB6E7-610D-42AD-8B8A-7802701CFAF3} = {260AB6E7-610D-42AD-8B8A-7802701CFAF3}
	EndProjectSection
EndProject
Project("{8BC9CEB8-8B4A-11D0-8D11-00A0C91BC942}") = "ConstrainingType", "ConstrainingType\ConstrainingType.vcproj", "{E8043869-DF66-451D-9EC4-1CB99A2ACBF5}"
	ProjectSection(ProjectDependencies) = postProject
		{260AB6E7-610D-42AD-8B8A-7802701CFAF3} = {260AB6E7-610D-42AD-8B8A-7802701CFAF3}
	EndProjectSection
EndProject
Project("{8BC9CEB8-8B4A-11D0-8D11-00A0C91BC942}") = "CodeSnippets", "CodeSnippets\CodeSnippets.vcproj", "{384781B3-D256-4E8B-BBDB-8B9E01BE37ED}"
	ProjectSection(ProjectDependencies) = postProject
		{260AB6E7-610D-42AD-8B8A-7802701CFAF3} = {260AB6E7-610D-42AD-8B8A-7802701CFAF3}
	EndProjectSection
EndProject
Project("{8BC9CEB8-8B4A-11D0-8D11-00A0C91BC942}") = "ConstrainingTypeTest", "ConstrainingType\ConstrainingTypeTest\ConstrainingTypeTest.vcproj", "{CF643404-783E-424A-BD35-F6F9FB97CE47}"
	ProjectSection(ProjectDependencies) = postProject
		{87615519-6AF6-468F-8B91-60EBE2E3A52C} = {87615519-6AF6-468F-8B91-60EBE2E3A52C}
		{8CAFD53A-05CE-4EAC-8DDA-B866FB50DAFC} = {8CAFD53A-05CE-4EAC-8DDA-B866FB50DAFC}
		{E8043869-DF66-451D-9EC4-1CB99A2ACBF5} = {E8043869-DF66-451D-9EC4-1CB99A2ACBF5}
		{260AB6E7-610D-42AD-8B8A-7802701CFAF3} = {260AB6E7-610D-42AD-8B8A-7802701CFAF3}
	EndProjectSection
EndProject
Project("{8BC9CEB8-8B4A-11D0-8D11-00A0C91BC942}") = "DateTimeBoostImpl", "DateTime\DateTimeBoostImpl\DateTimeBoostImpl.vcproj", "{F0751F2C-BEA9-4F4E-87CC-F282F1DA75FE}"
	ProjectSection(ProjectDependencies) = postProject
		{E8043869-DF66-451D-9EC4-1CB99A2ACBF5} = {E8043869-DF66-451D-9EC4-1CB99A2ACBF5}
		{3194AB7B-AE85-4C3C-8A85-F5F568D96555} = {3194AB7B-AE85-4C3C-8A85-F5F568D96555}
		{260AB6E7-610D-42AD-8B8A-7802701CFAF3} = {260AB6E7-610D-42AD-8B8A-7802701CFAF3}
	EndProjectSection
EndProject
Project("{8BC9CEB8-8B4A-11D0-8D11-00A0C91BC942}") = "DateTimeBoostImplTest", "DateTime\DateTimeBoostImpl\DateTimeBoostImplTest\DateTimeBoostImplTest.vcproj", "{408B5F73-83D2-4A7C-A1C3-E0BB8097F474}"
	ProjectSection(ProjectDependencies) = postProject
		{87615519-6AF6-468F-8B91-60EBE2E3A52C} = {87615519-6AF6-468F-8B91-60EBE2E3A52C}
		{F0751F2C-BEA9-4F4E-87CC-F282F1DA75FE} = {F0751F2C-BEA9-4F4E-87CC-F282F1DA75FE}
		{8CAFD53A-05CE-4EAC-8DDA-B866FB50DAFC} = {8CAFD53A-05CE-4EAC-8DDA-B866FB50DAFC}
		{E8043869-DF66-451D-9EC4-1CB99A2ACBF5} = {E8043869-DF66-451D-9EC4-1CB99A2ACBF5}
		{3194AB7B-AE85-4C3C-8A85-F5F568D96555} = {3194AB7B-AE85-4C3C-8A85-F5F568D96555}
		{260AB6E7-610D-42AD-8B8A-7802701CFAF3} = {260AB6E7-610D-42AD-8B8A-7802701CFAF3}
	EndProjectSection
EndProject
Project("{8BC9CEB8-8B4A-11D0-8D11-00A0C91BC942}") = "ConstrainingTypeBoostImpl", "ConstrainingType\ConstrainingTypeBoostImpl\ConstrainingTypeBoostImpl.vcproj", "{8CAFD53A-05CE-4EAC-8DDA-B866FB50DAFC}"
	ProjectSection(ProjectDependencies) = postProject
		{E8043869-DF66-451D-9EC4-1CB99A2ACBF5} = {E8043869-DF66-451D-9EC4-1CB99A2ACBF5}
		{260AB6E7-610D-42AD-8B8A-7802701CFAF3} = {260AB6E7-610D-42AD-8B8A-7802701CFAF3}
	EndProjectSection
EndProject
Project("{8BC9CEB8-8B4A-11D0-8D11-00A0C91BC942}") = "ConstrainingTypeBoostImplTest", "ConstrainingType\ConstrainingTypeBoostImpl\ConstrainingTypeBoostImplTest\ConstrainingTypeBoostImplTest.vcproj", "{BBA2F4FE-BF94-4AC4-A4ED-A50BBE1FB5F6}"
	ProjectSection(ProjectDependencies) = postProject
		{87615519-6AF6-468F-8B91-60EBE2E3A52C} = {87615519-6AF6-468F-8B91-60EBE2E3A52C}
		{8CAFD53A-05CE-4EAC-8DDA-B866FB50DAFC} = {8CAFD53A-05CE-4EAC-8DDA-B866FB50DAFC}
		{260AB6E7-610D-42AD-8B8A-7802701CFAF3} = {260AB6E7-610D-42AD-8B8A-7802701CFAF3}
	EndProjectSection
EndProject
Project("{8BC9CEB8-8B4A-11D0-8D11-00A0C91BC942}") = "CoreTest", "Core\CoreTest\CoreTest.vcproj", "{808660FC-6176-4ECF-A163-0E790863ABC6}"
	ProjectSection(ProjectDependencies) = postProject
		{87615519-6AF6-468F-8B91-60EBE2E3A52C} = {87615519-6AF6-468F-8B91-60EBE2E3A52C}
		{260AB6E7-610D-42AD-8B8A-7802701CFAF3} = {260AB6E7-610D-42AD-8B8A-7802701CFAF3}
	EndProjectSection
EndProject
Project("{8BC9CEB8-8B4A-11D0-8D11-00A0C91BC942}") = "DateTimeTest", "DateTime\DateTimeTest\DateTimeTest.vcproj", "{DF0223EB-A13D-44E8-AD93-555459B1574E}"
	ProjectSection(ProjectDependencies) = postProject
		{87615519-6AF6-468F-8B91-60EBE2E3A52C} = {87615519-6AF6-468F-8B91-60EBE2E3A52C}
		{C342E420-A8FD-498B-AE6E-FB35488D358B} = {C342E420-A8FD-498B-AE6E-FB35488D358B}
		{F0751F2C-BEA9-4F4E-87CC-F282F1DA75FE} = {F0751F2C-BEA9-4F4E-87CC-F282F1DA75FE}
		{8CAFD53A-05CE-4EAC-8DDA-B866FB50DAFC} = {8CAFD53A-05CE-4EAC-8DDA-B866FB50DAFC}
		{7CEDF955-98FE-4B6D-95BE-A42C812525F1} = {7CEDF955-98FE-4B6D-95BE-A42C812525F1}
		{E8043869-DF66-451D-9EC4-1CB99A2ACBF5} = {E8043869-DF66-451D-9EC4-1CB99A2ACBF5}
		{3194AB7B-AE85-4C3C-8A85-F5F568D96555} = {3194AB7B-AE85-4C3C-8A85-F5F568D96555}
		{260AB6E7-610D-42AD-8B8A-7802701CFAF3} = {260AB6E7-610D-42AD-8B8A-7802701CFAF3}
	EndProjectSection
EndProject
Project("{8BC9CEB8-8B4A-11D0-8D11-00A0C91BC942}") = "DateTimeSamples", "DateTime\DatetimeSamples\DatetimeSamples.vcproj", "{42987953-D84B-4F8E-B171-D862A0A386C4}"
	ProjectSection(ProjectDependencies) = postProject
		{CF643404-783E-424A-BD35-F6F9FB97CE47} = {CF643404-783E-424A-BD35-F6F9FB97CE47}
		{F0751F2C-BEA9-4F4E-87CC-F282F1DA75FE} = {F0751F2C-BEA9-4F4E-87CC-F282F1DA75FE}
		{8CAFD53A-05CE-4EAC-8DDA-B866FB50DAFC} = {8CAFD53A-05CE-4EAC-8DDA-B866FB50DAFC}
		{E8043869-DF66-451D-9EC4-1CB99A2ACBF5} = {E8043869-DF66-451D-9EC4-1CB99A2ACBF5}
		{408B5F73-83D2-4A7C-A1C3-E0BB8097F474} = {408B5F73-83D2-4A7C-A1C3-E0BB8097F474}
		{3194AB7B-AE85-4C3C-8A85-F5F568D96555} = {3194AB7B-AE85-4C3C-8A85-F5F568D96555}
		{260AB6E7-610D-42AD-8B8A-7802701CFAF3} = {260AB6E7-610D-42AD-8B8A-7802701CFAF3}
		{DF0223EB-A13D-44E8-AD93-555459B1574E} = {DF0223EB-A13D-44E8-AD93-555459B1574E}
		{BBA2F4FE-BF94-4AC4-A4ED-A50BBE1FB5F6} = {BBA2F4FE-BF94-4AC4-A4ED-A50BBE1FB5F6}
	EndProjectSection
EndProject
Project("{8BC9CEB8-8B4A-11D0-8D11-00A0C91BC942}") = "Logging", "Logging\Logging.vcproj", "{C342E420-A8FD-498B-AE6E-FB35488D358B}"
	ProjectSection(ProjectDependencies) = postProject
		{260AB6E7-610D-42AD-8B8A-7802701CFAF3} = {260AB6E7-610D-42AD-8B8A-7802701CFAF3}
	EndProjectSection
EndProject
Project("{8BC9CEB8-8B4A-11D0-8D11-00A0C91BC942}") = "LoggingLog4cppImpl", "Logging\LoggingLog4cppImpl\LoggingLog4cppImpl.vcproj", "{7CEDF955-98FE-4B6D-95BE-A42C812525F1}"
	ProjectSection(ProjectDependencies) = postProject
		{C342E420-A8FD-498B-AE6E-FB35488D358B} = {C342E420-A8FD-498B-AE6E-FB35488D358B}
		{260AB6E7-610D-42AD-8B8A-7802701CFAF3} = {260AB6E7-610D-42AD-8B8A-7802701CFAF3}
	EndProjectSection
EndProject
Project("{8BC9CEB8-8B4A-11D0-8D11-00A0C91BC942}") = "LoggingLog4cppImplTest", "Logging\LoggingLog4cppImpl\LoggingLog4cppImplTest\LoggingLog4cppImplTest.vcproj", "{12335C91-5610-4B31-B7DB-FD52AA35A4BB}"
	ProjectSection(ProjectDependencies) = postProject
		{87615519-6AF6-468F-8B91-60EBE2E3A52C} = {87615519-6AF6-468F-8B91-60EBE2E3A52C}
		{7CEDF955-98FE-4B6D-95BE-A42C812525F1} = {7CEDF955-98FE-4B6D-95BE-A42C812525F1}
		{260AB6E7-610D-42AD-8B8A-7802701CFAF3} = {260AB6E7-610D-42AD-8B8A-7802701CFAF3}
	EndProjectSection
EndProject
Project("{8BC9CEB8-8B4A-11D0-8D11-00A0C91BC942}") = "LoggingTest", "Logging\LoggingTest\LoggingTest.vcproj", "{F78BF78B-6DFA-4B32-A8B1-B370ABCB2C38}"
	ProjectSection(ProjectDependencies) = postProject
		{C342E420-A8FD-498B-AE6E-FB35488D358B} = {C342E420-A8FD-498B-AE6E-FB35488D358B}
		{7CEDF955-98FE-4B6D-95BE-A42C812525F1} = {7CEDF955-98FE-4B6D-95BE-A42C812525F1}
		{12335C91-5610-4B31-B7DB-FD52AA35A4BB} = {12335C91-5610-4B31-B7DB-FD52AA35A4BB}
		{260AB6E7-610D-42AD-8B8A-7802701CFAF3} = {260AB6E7-610D-42AD-8B8A-7802701CFAF3}
	EndProjectSection
EndProject
Project("{8BC9CEB8-8B4A-11D0-8D11-00A0C91BC942}") = "CoreSamples", "Core\CoreSamples\CoreSamples.vcproj", "{F7821F9D-0089-4176-B5BF-42AF1BF5E018}"
	ProjectSection(ProjectDependencies) = postProject
		{260AB6E7-610D-42AD-8B8A-7802701CFAF3} = {260AB6E7-610D-42AD-8B8A-7802701CFAF3}
		{808660FC-6176-4ECF-A163-0E790863ABC6} = {808660FC-6176-4ECF-A163-0E790863ABC6}
	EndProjectSection
EndProject
Project("{8BC9CEB8-8B4A-11D0-8D11-00A0C91BC942}") = "LoggingSamples", "Logging\LoggingSamples\LoggingSamples.vcproj", "{7B0844A4-CC13-4A6D-AD04-32E04160FC18}"
	ProjectSection(ProjectDependencies) = postProject
		{C342E420-A8FD-498B-AE6E-FB35488D358B} = {C342E420-A8FD-498B-AE6E-FB35488D358B}
		{7CEDF955-98FE-4B6D-95BE-A42C812525F1} = {7CEDF955-98FE-4B6D-95BE-A42C812525F1}
		{F78BF78B-6DFA-4B32-A8B1-B370ABCB2C38} = {F78BF78B-6DFA-4B32-A8B1-B370ABCB2C38}
		{12335C91-5610-4B31-B7DB-FD52AA35A4BB} = {12335C91-5610-4B31-B7DB-FD52AA35A4BB}
		{260AB6E7-610D-42AD-8B8A-7802701CFAF3} = {260AB6E7-610D-42AD-8B8A-7802701CFAF3}
	EndProjectSection
EndProject
Project("{8BC9CEB8-8B4A-11D0-8D11-00A0C91BC942}") = "Container", "Container\Container.vcproj", "{F8AE5BD1-BEDD-4FDF-983F-FB25946E90CE}"
	ProjectSection(ProjectDependencies) = postProject
		{260AB6E7-610D-42AD-8B8A-7802701CFAF3} = {260AB6E7-610D-42AD-8B8A-7802701CFAF3}
	EndProjectSection
EndProject
Project("{8BC9CEB8-8B4A-11D0-8D11-00A0C91BC942}") = "ContainerBoostImpl", "Container\ContainerBoostImpl\ContainerBoostImpl.vcproj", "{E8C4D79A-6E26-4804-8749-A19A73692883}"
	ProjectSection(ProjectDependencies) = postProject
		{F8AE5BD1-BEDD-4FDF-983F-FB25946E90CE} = {F8AE5BD1-BEDD-4FDF-983F-FB25946E90CE}
		{260AB6E7-610D-42AD-8B8A-7802701CFAF3} = {260AB6E7-610D-42AD-8B8A-7802701CFAF3}
	EndProjectSection
EndProject
Project("{8BC9CEB8-8B4A-11D0-8D11-00A0C91BC942}") = "ContainerBoostImplTest", "Container\ContainerBoostImpl\ContainerBoostImplTest\ContainerBoostImplTest.vcproj", "{44301AA1-2848-4184-BAE0-1C4ED0BF3EAA}"
	ProjectSection(ProjectDependencies) = postProject
		{87615519-6AF6-468F-8B91-60EBE2E3A52C} = {87615519-6AF6-468F-8B91-60EBE2E3A52C}
		{E8C4D79A-6E26-4804-8749-A19A73692883} = {E8C4D79A-6E26-4804-8749-A19A73692883}
		{F8AE5BD1-BEDD-4FDF-983F-FB25946E90CE} = {F8AE5BD1-BEDD-4FDF-983F-FB25946E90CE}
		{260AB6E7-610D-42AD-8B8A-7802701CFAF3} = {260AB6E7-610D-42AD-8B8A-7802701CFAF3}
	EndProjectSection
EndProject
Project("{8BC9CEB8-8B4A-11D0-8D11-00A0C91BC942}") = "ContainerTest", "Container\ContainerTest\ContainerTest.vcproj", "{CD85A3CA-ED72-4C3C-A25B-26A39D8CD042}"
	ProjectSection(ProjectDependencies) = postProject
		{87615519-6AF6-468F-8B91-60EBE2E3A52C} = {87615519-6AF6-468F-8B91-60EBE2E3A52C}
		{E8C4D79A-6E26-4804-8749-A19A73692883} = {E8C4D79A-6E26-4804-8749-A19A73692883}
		{44301AA1-2848-4184-BAE0-1C4ED0BF3EAA} = {44301AA1-2848-4184-BAE0-1C4ED0BF3EAA}
		{F8AE5BD1-BEDD-4FDF-983F-FB25946E90CE} = {F8AE5BD1-BEDD-4FDF-983F-FB25946E90CE}
		{260AB6E7-610D-42AD-8B8A-7802701CFAF3} = {260AB6E7-610D-42AD-8B8A-7802701CFAF3}
	EndProjectSection
EndProject
Project("{8BC9CEB8-8B4A-11D0-8D11-00A0C91BC942}") = "ContainerSamples", "Container\ContainerSamples\ContainerSamples.vcproj", "{49C3C995-585C-4C51-AFF6-45A7E855401A}"
	ProjectSection(ProjectDependencies) = postProject
		{E8C4D79A-6E26-4804-8749-A19A73692883} = {E8C4D79A-6E26-4804-8749-A19A73692883}
		{44301AA1-2848-4184-BAE0-1C4ED0BF3EAA} = {44301AA1-2848-4184-BAE0-1C4ED0BF3EAA}
		{CD85A3CA-ED72-4C3C-A25B-26A39D8CD042} = {CD85A3CA-ED72-4C3C-A25B-26A39D8CD042}
		{F8AE5BD1-BEDD-4FDF-983F-FB25946E90CE} = {F8AE5BD1-BEDD-4FDF-983F-FB25946E90CE}
		{260AB6E7-610D-42AD-8B8A-7802701CFAF3} = {260AB6E7-610D-42AD-8B8A-7802701CFAF3}
	EndProjectSection
EndProject
Project("{8BC9CEB8-8B4A-11D0-8D11-00A0C91BC942}") = "Options", "Options\Options.vcproj", "{6B3B37BE-F1B7-497D-9DFA-79F105F72DE2}"
	ProjectSection(ProjectDependencies) = postProject
		{260AB6E7-610D-42AD-8B8A-7802701CFAF3} = {260AB6E7-610D-42AD-8B8A-7802701CFAF3}
	EndProjectSection
EndProject
Project("{8BC9CEB8-8B4A-11D0-8D11-00A0C91BC942}") = "OptionsTest", "Options\OptionsTest\OptionsTest.vcproj", "{09D0D636-B5A7-48DD-87C2-839F9E34DF00}"
	ProjectSection(ProjectDependencies) = postProject
		{87615519-6AF6-468F-8B91-60EBE2E3A52C} = {87615519-6AF6-468F-8B91-60EBE2E3A52C}
		{97CC838B-71E7-416D-9EFA-F164CB9BA640} = {97CC838B-71E7-416D-9EFA-F164CB9BA640}
		{D2F16DAD-7511-443F-B341-F7CE55775FBE} = {D2F16DAD-7511-443F-B341-F7CE55775FBE}
		{6B3B37BE-F1B7-497D-9DFA-79F105F72DE2} = {6B3B37BE-F1B7-497D-9DFA-79F105F72DE2}
		{260AB6E7-610D-42AD-8B8A-7802701CFAF3} = {260AB6E7-610D-42AD-8B8A-7802701CFAF3}
	EndProjectSection
EndProject
Project("{8BC9CEB8-8B4A-11D0-8D11-00A0C91BC942}") = "OptionsBoostImpl", "Options\OptionsBoostImpl\OptionsBoostImpl.vcproj", "{97CC838B-71E7-416D-9EFA-F164CB9BA640}"
	ProjectSection(ProjectDependencies) = postProject
		{6B3B37BE-F1B7-497D-9DFA-79F105F72DE2} = {6B3B37BE-F1B7-497D-9DFA-79F105F72DE2}
		{260AB6E7-610D-42AD-8B8A-7802701CFAF3} = {260AB6E7-610D-42AD-8B8A-7802701CFAF3}
	EndProjectSection
EndProject
Project("{8BC9CEB8-8B4A-11D0-8D11-00A0C91BC942}") = "OptionsBoostImplTest", "Options\OptionsBoostImpl\OptionsBoostImplTest\OptionsBoostImplTest.vcproj", "{D2F16DAD-7511-443F-B341-F7CE55775FBE}"
	ProjectSection(ProjectDependencies) = postProject
		{87615519-6AF6-468F-8B91-60EBE2E3A52C} = {87615519-6AF6-468F-8B91-60EBE2E3A52C}
		{97CC838B-71E7-416D-9EFA-F164CB9BA640} = {97CC838B-71E7-416D-9EFA-F164CB9BA640}
		{6B3B37BE-F1B7-497D-9DFA-79F105F72DE2} = {6B3B37BE-F1B7-497D-9DFA-79F105F72DE2}
		{260AB6E7-610D-42AD-8B8A-7802701CFAF3} = {260AB6E7-610D-42AD-8B8A-7802701CFAF3}
	EndProjectSection
EndProject
Project("{8BC9CEB8-8B4A-11D0-8D11-00A0C91BC942}") = "OptionsSamples", "Options\OptionsSamples\OptionsSamples.vcproj", "{A638F14B-75CE-4CB7-BDB3-E39AB2EDE66B}"
	ProjectSection(ProjectDependencies) = postProject
		{87615519-6AF6-468F-8B91-60EBE2E3A52C} = {87615519-6AF6-468F-8B91-60EBE2E3A52C}
		{09D0D636-B5A7-48DD-87C2-839F9E34DF00} = {09D0D636-B5A7-48DD-87C2-839F9E34DF00}
		{97CC838B-71E7-416D-9EFA-F164CB9BA640} = {97CC838B-71E7-416D-9EFA-F164CB9BA640}
		{D2F16DAD-7511-443F-B341-F7CE55775FBE} = {D2F16DAD-7511-443F-B341-F7CE55775FBE}
		{6B3B37BE-F1B7-497D-9DFA-79F105F72DE2} = {6B3B37BE-F1B7-497D-9DFA-79F105F72DE2}
		{260AB6E7-610D-42AD-8B8A-7802701CFAF3} = {260AB6E7-610D-42AD-8B8A-7802701CFAF3}
	EndProjectSection
EndProject
Project("{8BC9CEB8-8B4A-11D0-8D11-00A0C91BC942}") = "Application", "Application\Application.vcproj", "{431E73A4-7A84-4BBC-BE70-011460062CCF}"
	ProjectSection(ProjectDependencies) = postProject
		{C342E420-A8FD-498B-AE6E-FB35488D358B} = {C342E420-A8FD-498B-AE6E-FB35488D358B}
		{6B3B37BE-F1B7-497D-9DFA-79F105F72DE2} = {6B3B37BE-F1B7-497D-9DFA-79F105F72DE2}
		{F8AE5BD1-BEDD-4FDF-983F-FB25946E90CE} = {F8AE5BD1-BEDD-4FDF-983F-FB25946E90CE}
		{260AB6E7-610D-42AD-8B8A-7802701CFAF3} = {260AB6E7-610D-42AD-8B8A-7802701CFAF3}
	EndProjectSection
EndProject
Project("{8BC9CEB8-8B4A-11D0-8D11-00A0C91BC942}") = "ApplicationTest", "Application\ApplicationTest\ApplicationTest.vcproj", "{E126F572-4E1B-458A-93B6-D0C2C4727D12}"
	ProjectSection(ProjectDependencies) = postProject
		{87615519-6AF6-468F-8B91-60EBE2E3A52C} = {87615519-6AF6-468F-8B91-60EBE2E3A52C}
		{C342E420-A8FD-498B-AE6E-FB35488D358B} = {C342E420-A8FD-498B-AE6E-FB35488D358B}
		{7CEDF955-98FE-4B6D-95BE-A42C812525F1} = {7CEDF955-98FE-4B6D-95BE-A42C812525F1}
		{97CC838B-71E7-416D-9EFA-F164CB9BA640} = {97CC838B-71E7-416D-9EFA-F164CB9BA640}
		{E8C4D79A-6E26-4804-8749-A19A73692883} = {E8C4D79A-6E26-4804-8749-A19A73692883}
		{431E73A4-7A84-4BBC-BE70-011460062CCF} = {431E73A4-7A84-4BBC-BE70-011460062CCF}
		{6B3B37BE-F1B7-497D-9DFA-79F105F72DE2} = {6B3B37BE-F1B7-497D-9DFA-79F105F72DE2}
		{F8AE5BD1-BEDD-4FDF-983F-FB25946E90CE} = {F8AE5BD1-BEDD-4FDF-983F-FB25946E90CE}
		{260AB6E7-610D-42AD-8B8A-7802701CFAF3} = {260AB6E7-610D-42AD-8B8A-7802701CFAF3}
	EndProjectSection
EndProject
Project("{8BC9CEB8-8B4A-11D0-8D11-00A0C91BC942}") = "ApplicationSamples", "Application\ApplicationSamples\ApplicationSamples.vcproj", "{FB130133-F0B9-4D0F-86E9-BB8EFEA316EA}"
	ProjectSection(ProjectDependencies) = postProject
		{87615519-6AF6-468F-8B91-60EBE2E3A52C} = {87615519-6AF6-468F-8B91-60EBE2E3A52C}
		{C342E420-A8FD-498B-AE6E-FB35488D358B} = {C342E420-A8FD-498B-AE6E-FB35488D358B}
		{09D0D636-B5A7-48DD-87C2-839F9E34DF00} = {09D0D636-B5A7-48DD-87C2-839F9E34DF00}
		{A638F14B-75CE-4CB7-BDB3-E39AB2EDE66B} = {A638F14B-75CE-4CB7-BDB3-E39AB2EDE66B}
		{7CEDF955-98FE-4B6D-95BE-A42C812525F1} = {7CEDF955-98FE-4B6D-95BE-A42C812525F1}
		{E126F572-4E1B-458A-93B6-D0C2C4727D12} = {E126F572-4E1B-458A-93B6-D0C2C4727D12}
		{97CC838B-71E7-416D-9EFA-F164CB9BA640} = {97CC838B-71E7-416D-9EFA-F164CB9BA640}
		{F78BF78B-6DFA-4B32-A8B1-B370ABCB2C38} = {F78BF78B-6DFA-4B32-A8B1-B370ABCB2C38}
		{12335C91-5610-4B31-B7DB-FD52AA35A4BB} = {12335C91-5610-4B31-B7DB-FD52AA35A4BB}
		{49C3C995-585C-4C51-AFF6-45A7E855401A} = {49C3C995-585C-4C51-AFF6-45A7E855401A}
		{E8C4D79A-6E26-4804-8749-A19A73692883} = {E8C4D79A-6E26-4804-8749-A19A73692883}
		{F7821F9D-0089-4176-B5BF-42AF1BF5E018} = {F7821F9D-0089-4176-B5BF-42AF1BF5E018}
		{44301AA1-2848-4184-BAE0-1C4ED0BF3EAA} = {44301AA1-2848-4184-BAE0-1C4ED0BF3EAA}
		{7B0844A4-CC13-4A6D-AD04-32E04160FC18} = {7B0844A4-CC13-4A6D-AD04-32E04160FC18}
		{431E73A4-7A84-4BBC-BE70-011460062CCF} = {431E73A4-7A84-4BBC-BE70-011460062CCF}
		{D2F16DAD-7511-443F-B341-F7CE55775FBE} = {D2F16DAD-7511-443F-B341-F7CE55775FBE}
		{6B3B37BE-F1B7-497D-9DFA-79F105F72DE2} = {6B3B37BE-F1B7-497D-9DFA-79F105F72DE2}
		{CD85A3CA-ED72-4C3C-A25B-26A39D8CD042} = {CD85A3CA-ED72-4C3C-A25B-26A39D8CD042}
		{F8AE5BD1-BEDD-4FDF-983F-FB25946E90CE} = {F8AE5BD1-BEDD-4FDF-983F-FB25946E90CE}
		{260AB6E7-610D-42AD-8B8A-7802701CFAF3} = {260AB6E7-610D-42AD-8B8A-7802701CFAF3}
		{808660FC-6176-4ECF-A163-0E790863ABC6} = {808660FC-6176-4ECF-A163-0E790863ABC6}
	EndProjectSection
EndProject
Project("{8BC9CEB8-8B4A-11D0-8D11-00A0C91BC942}") = "ConstrainingTypeSamples", "ConstrainingType\ConstrainingTypeSamples\ConstrainingTypeSamples.vcproj", "{9AAE410F-DF35-40D0-968D-41BF057119A9}"
	ProjectSection(ProjectDependencies) = postProject
		{CF643404-783E-424A-BD35-F6F9FB97CE47} = {CF643404-783E-424A-BD35-F6F9FB97CE47}
		{87615519-6AF6-468F-8B91-60EBE2E3A52C} = {87615519-6AF6-468F-8B91-60EBE2E3A52C}
		{8CAFD53A-05CE-4EAC-8DDA-B866FB50DAFC} = {8CAFD53A-05CE-4EAC-8DDA-B866FB50DAFC}
		{E8043869-DF66-451D-9EC4-1CB99A2ACBF5} = {E8043869-DF66-451D-9EC4-1CB99A2ACBF5}
		{260AB6E7-610D-42AD-8B8A-7802701CFAF3} = {260AB6E7-610D-42AD-8B8A-7802701CFAF3}
		{BBA2F4FE-BF94-4AC4-A4ED-A50BBE1FB5F6} = {BBA2F4FE-BF94-4AC4-A4ED-A50BBE1FB5F6}
	EndProjectSection
EndProject
Project("{8BC9CEB8-8B4A-11D0-8D11-00A0C91BC942}") = "Calendar", "Calendar\Calendar.vcproj", "{FA681282-C4A9-4CBC-AD61-C009EE1AC02D}"
	ProjectSection(ProjectDependencies) = postProject
		{C342E420-A8FD-498B-AE6E-FB35488D358B} = {C342E420-A8FD-498B-AE6E-FB35488D358B}
		{F0751F2C-BEA9-4F4E-87CC-F282F1DA75FE} = {F0751F2C-BEA9-4F4E-87CC-F282F1DA75FE}
		{7CEDF955-98FE-4B6D-95BE-A42C812525F1} = {7CEDF955-98FE-4B6D-95BE-A42C812525F1}
		{3194AB7B-AE85-4C3C-8A85-F5F568D96555} = {3194AB7B-AE85-4C3C-8A85-F5F568D96555}
		{260AB6E7-610D-42AD-8B8A-7802701CFAF3} = {260AB6E7-610D-42AD-8B8A-7802701CFAF3}
	EndProjectSection
EndProject
Project("{8BC9CEB8-8B4A-11D0-8D11-00A0C91BC942}") = "Calendars", "Calendars\Calendars.vcproj", "{CA81BFD0-7AD7-41BB-8EFC-6024D1CF1D64}"
	ProjectSection(ProjectDependencies) = postProject
		{C342E420-A8FD-498B-AE6E-FB35488D358B} = {C342E420-A8FD-498B-AE6E-FB35488D358B}
		{3194AB7B-AE85-4C3C-8A85-F5F568D96555} = {3194AB7B-AE85-4C3C-8A85-F5F568D96555}
		{FA681282-C4A9-4CBC-AD61-C009EE1AC02D} = {FA681282-C4A9-4CBC-AD61-C009EE1AC02D}
		{260AB6E7-610D-42AD-8B8A-7802701CFAF3} = {260AB6E7-610D-42AD-8B8A-7802701CFAF3}
	EndProjectSection
EndProject
Project("{8BC9CEB8-8B4A-11D0-8D11-00A0C91BC942}") = "CalendarTest", "Calendar\CalendarTest\CalendarTest.vcproj", "{C209AA88-9DE9-4C7D-ACCE-13151A44FB45}"
	ProjectSection(ProjectDependencies) = postProject
		{87615519-6AF6-468F-8B91-60EBE2E3A52C} = {87615519-6AF6-468F-8B91-60EBE2E3A52C}
		{C342E420-A8FD-498B-AE6E-FB35488D358B} = {C342E420-A8FD-498B-AE6E-FB35488D358B}
		{8CAFD53A-05CE-4EAC-8DDA-B866FB50DAFC} = {8CAFD53A-05CE-4EAC-8DDA-B866FB50DAFC}
		{7CEDF955-98FE-4B6D-95BE-A42C812525F1} = {7CEDF955-98FE-4B6D-95BE-A42C812525F1}
		{E8043869-DF66-451D-9EC4-1CB99A2ACBF5} = {E8043869-DF66-451D-9EC4-1CB99A2ACBF5}
		{3194AB7B-AE85-4C3C-8A85-F5F568D96555} = {3194AB7B-AE85-4C3C-8A85-F5F568D96555}
		{FA681282-C4A9-4CBC-AD61-C009EE1AC02D} = {FA681282-C4A9-4CBC-AD61-C009EE1AC02D}
		{73FF43BE-8290-4563-B995-64B0C7A4F72F} = {73FF43BE-8290-4563-B995-64B0C7A4F72F}
		{895D04E4-D056-421B-BCA6-AE2667EF5978} = {895D04E4-D056-421B-BCA6-AE2667EF5978}
		{260AB6E7-610D-42AD-8B8A-7802701CFAF3} = {260AB6E7-610D-42AD-8B8A-7802701CFAF3}
		{DF0223EB-A13D-44E8-AD93-555459B1574E} = {DF0223EB-A13D-44E8-AD93-555459B1574E}
	EndProjectSection
EndProject
Project("{8BC9CEB8-8B4A-11D0-8D11-00A0C91BC942}") = "CalendarSamples", "Calendar\CalendarSamples\CalendarSamples.vcproj", "{222C0102-A330-454E-9405-94FF1613650D}"
	ProjectSection(ProjectDependencies) = postProject
		{C342E420-A8FD-498B-AE6E-FB35488D358B} = {C342E420-A8FD-498B-AE6E-FB35488D358B}
		{E8043869-DF66-451D-9EC4-1CB99A2ACBF5} = {E8043869-DF66-451D-9EC4-1CB99A2ACBF5}
		{3194AB7B-AE85-4C3C-8A85-F5F568D96555} = {3194AB7B-AE85-4C3C-8A85-F5F568D96555}
		{C209AA88-9DE9-4C7D-ACCE-13151A44FB45} = {C209AA88-9DE9-4C7D-ACCE-13151A44FB45}
		{CA81BFD0-7AD7-41BB-8EFC-6024D1CF1D64} = {CA81BFD0-7AD7-41BB-8EFC-6024D1CF1D64}
		{260AB6E7-610D-42AD-8B8A-7802701CFAF3} = {260AB6E7-610D-42AD-8B8A-7802701CFAF3}
		{DF0223EB-A13D-44E8-AD93-555459B1574E} = {DF0223EB-A13D-44E8-AD93-555459B1574E}
	EndProjectSection
EndProject
Project("{8BC9CEB8-8B4A-11D0-8D11-00A0C91BC942}") = "XML", "XML\XML.vcproj", "{895D04E4-D056-421B-BCA6-AE2667EF5978}"
	ProjectSection(ProjectDependencies) = postProject
		{C342E420-A8FD-498B-AE6E-FB35488D358B} = {C342E420-A8FD-498B-AE6E-FB35488D358B}
		{7CEDF955-98FE-4B6D-95BE-A42C812525F1} = {7CEDF955-98FE-4B6D-95BE-A42C812525F1}
		{260AB6E7-610D-42AD-8B8A-7802701CFAF3} = {260AB6E7-610D-42AD-8B8A-7802701CFAF3}
	EndProjectSection
EndProject
Project("{8BC9CEB8-8B4A-11D0-8D11-00A0C91BC942}") = "XMLXercesImpl", "XML\XMLXercesImpl\XMLXercesImpl.vcproj", "{73FF43BE-8290-4563-B995-64B0C7A4F72F}"
	ProjectSection(ProjectDependencies) = postProject
		{895D04E4-D056-421B-BCA6-AE2667EF5978} = {895D04E4-D056-421B-BCA6-AE2667EF5978}
		{260AB6E7-610D-42AD-8B8A-7802701CFAF3} = {260AB6E7-610D-42AD-8B8A-7802701CFAF3}
	EndProjectSection
EndProject
Project("{8BC9CEB8-8B4A-11D0-8D11-00A0C91BC942}") = "XMLXercesImplTest", "XML\XMLXercesImpl\XMLXercesImplTest\XMLXercesImplTest.vcproj", "{E05914D5-5936-4084-9E61-4E4F0BD6B9F1}"
EndProject
Project("{8BC9CEB8-8B4A-11D0-8D11-00A0C91BC942}") = "CalendarsTest", "Calendars\CalendarsTest\CalendarsTest.vcproj", "{88F5ABFB-DF05-4AEE-BC11-B3828D122DA6}"
	ProjectSection(ProjectDependencies) = postProject
		{87615519-6AF6-468F-8B91-60EBE2E3A52C} = {87615519-6AF6-468F-8B91-60EBE2E3A52C}
		{C342E420-A8FD-498B-AE6E-FB35488D358B} = {C342E420-A8FD-498B-AE6E-FB35488D358B}
		{F0751F2C-BEA9-4F4E-87CC-F282F1DA75FE} = {F0751F2C-BEA9-4F4E-87CC-F282F1DA75FE}
		{DC8F4B34-7A4C-47E1-8D21-36CE7AB997F0} = {DC8F4B34-7A4C-47E1-8D21-36CE7AB997F0}
		{8CAFD53A-05CE-4EAC-8DDA-B866FB50DAFC} = {8CAFD53A-05CE-4EAC-8DDA-B866FB50DAFC}
		{7CEDF955-98FE-4B6D-95BE-A42C812525F1} = {7CEDF955-98FE-4B6D-95BE-A42C812525F1}
		{E8043869-DF66-451D-9EC4-1CB99A2ACBF5} = {E8043869-DF66-451D-9EC4-1CB99A2ACBF5}
		{3194AB7B-AE85-4C3C-8A85-F5F568D96555} = {3194AB7B-AE85-4C3C-8A85-F5F568D96555}
		{FA681282-C4A9-4CBC-AD61-C009EE1AC02D} = {FA681282-C4A9-4CBC-AD61-C009EE1AC02D}
		{73FF43BE-8290-4563-B995-64B0C7A4F72F} = {73FF43BE-8290-4563-B995-64B0C7A4F72F}
		{CA81BFD0-7AD7-41BB-8EFC-6024D1CF1D64} = {CA81BFD0-7AD7-41BB-8EFC-6024D1CF1D64}
		{895D04E4-D056-421B-BCA6-AE2667EF5978} = {895D04E4-D056-421B-BCA6-AE2667EF5978}
		{260AB6E7-610D-42AD-8B8A-7802701CFAF3} = {260AB6E7-610D-42AD-8B8A-7802701CFAF3}
	EndProjectSection
EndProject
Project("{8BC9CEB8-8B4A-11D0-8D11-00A0C91BC942}") = "CalendarDataDriven", "Calendar\CalendarDataDriven\CalendarDataDriven.vcproj", "{C3BB83F2-FF0C-466A-A156-0F0460B3ABB4}"
	ProjectSection(ProjectDependencies) = postProject
		{C342E420-A8FD-498B-AE6E-FB35488D358B} = {C342E420-A8FD-498B-AE6E-FB35488D358B}
		{F0751F2C-BEA9-4F4E-87CC-F282F1DA75FE} = {F0751F2C-BEA9-4F4E-87CC-F282F1DA75FE}
		{7CEDF955-98FE-4B6D-95BE-A42C812525F1} = {7CEDF955-98FE-4B6D-95BE-A42C812525F1}
		{3194AB7B-AE85-4C3C-8A85-F5F568D96555} = {3194AB7B-AE85-4C3C-8A85-F5F568D96555}
		{FA681282-C4A9-4CBC-AD61-C009EE1AC02D} = {FA681282-C4A9-4CBC-AD61-C009EE1AC02D}
		{73FF43BE-8290-4563-B995-64B0C7A4F72F} = {73FF43BE-8290-4563-B995-64B0C7A4F72F}
		{895D04E4-D056-421B-BCA6-AE2667EF5978} = {895D04E4-D056-421B-BCA6-AE2667EF5978}
		{260AB6E7-610D-42AD-8B8A-7802701CFAF3} = {260AB6E7-610D-42AD-8B8A-7802701CFAF3}
	EndProjectSection
EndProject
Project("{8BC9CEB8-8B4A-11D0-8D11-00A0C91BC942}") = "CalendarDataDrivenTestFramework", "Calendar\CalendarDataDrivenTestFramework\CalendarDataDrivenTestFramework.vcproj", "{DC8F4B34-7A4C-47E1-8D21-36CE7AB997F0}"
	ProjectSection(ProjectDependencies) = postProject
		{C342E420-A8FD-498B-AE6E-FB35488D358B} = {C342E420-A8FD-498B-AE6E-FB35488D358B}
		{F0751F2C-BEA9-4F4E-87CC-F282F1DA75FE} = {F0751F2C-BEA9-4F4E-87CC-F282F1DA75FE}
		{8CAFD53A-05CE-4EAC-8DDA-B866FB50DAFC} = {8CAFD53A-05CE-4EAC-8DDA-B866FB50DAFC}
		{7CEDF955-98FE-4B6D-95BE-A42C812525F1} = {7CEDF955-98FE-4B6D-95BE-A42C812525F1}
		{E8043869-DF66-451D-9EC4-1CB99A2ACBF5} = {E8043869-DF66-451D-9EC4-1CB99A2ACBF5}
		{3194AB7B-AE85-4C3C-8A85-F5F568D96555} = {3194AB7B-AE85-4C3C-8A85-F5F568D96555}
		{FA681282-C4A9-4CBC-AD61-C009EE1AC02D} = {FA681282-C4A9-4CBC-AD61-C009EE1AC02D}
		{73FF43BE-8290-4563-B995-64B0C7A4F72F} = {73FF43BE-8290-4563-B995-64B0C7A4F72F}
		{895D04E4-D056-421B-BCA6-AE2667EF5978} = {895D04E4-D056-421B-BCA6-AE2667EF5978}
		{260AB6E7-610D-42AD-8B8A-7802701CFAF3} = {260AB6E7-610D-42AD-8B8A-7802701CFAF3}
		{C3BB83F2-FF0C-466A-A156-0F0460B3ABB4} = {C3BB83F2-FF0C-466A-A156-0F0460B3ABB4}
	EndProjectSection
EndProject
Project("{8BC9CEB8-8B4A-11D0-8D11-00A0C91BC942}") = "CalendarDataDrivenTest", "Calendar\CalendarDataDriven\CalendarDataDrivenTest\CalendarDataDrivenTest.vcproj", "{DC456A7B-A189-4EDD-822E-DB4414B6CE31}"
	ProjectSection(ProjectDependencies) = postProject
		{87615519-6AF6-468F-8B91-60EBE2E3A52C} = {87615519-6AF6-468F-8B91-60EBE2E3A52C}
		{C342E420-A8FD-498B-AE6E-FB35488D358B} = {C342E420-A8FD-498B-AE6E-FB35488D358B}
		{F0751F2C-BEA9-4F4E-87CC-F282F1DA75FE} = {F0751F2C-BEA9-4F4E-87CC-F282F1DA75FE}
		{DC8F4B34-7A4C-47E1-8D21-36CE7AB997F0} = {DC8F4B34-7A4C-47E1-8D21-36CE7AB997F0}
		{7CEDF955-98FE-4B6D-95BE-A42C812525F1} = {7CEDF955-98FE-4B6D-95BE-A42C812525F1}
		{3194AB7B-AE85-4C3C-8A85-F5F568D96555} = {3194AB7B-AE85-4C3C-8A85-F5F568D96555}
		{FA681282-C4A9-4CBC-AD61-C009EE1AC02D} = {FA681282-C4A9-4CBC-AD61-C009EE1AC02D}
		{73FF43BE-8290-4563-B995-64B0C7A4F72F} = {73FF43BE-8290-4563-B995-64B0C7A4F72F}
		{895D04E4-D056-421B-BCA6-AE2667EF5978} = {895D04E4-D056-421B-BCA6-AE2667EF5978}
		{260AB6E7-610D-42AD-8B8A-7802701CFAF3} = {260AB6E7-610D-42AD-8B8A-7802701CFAF3}
		{C3BB83F2-FF0C-466A-A156-0F0460B3ABB4} = {C3BB83F2-FF0C-466A-A156-0F0460B3ABB4}
	EndProjectSection
EndProject
Project("{8BC9CEB8-8B4A-11D0-8D11-00A0C91BC942}") = "SwigPythonReference", "SwigPythonReference\SwigPythonReference.vcproj", "{E0024D2A-EA96-414B-A17B-14378E9243DD}"
EndProject
Project("{8BC9CEB8-8B4A-11D0-8D11-00A0C91BC942}") = "CalendarSwigPython", "CalendarSwigPython\CalendarSwigPython.vcproj", "{3CB180B8-BCEF-49A1-B44A-97429F642E38}"
	ProjectSection(ProjectDependencies) = postProject
		{C342E420-A8FD-498B-AE6E-FB35488D358B} = {C342E420-A8FD-498B-AE6E-FB35488D358B}
		{F0751F2C-BEA9-4F4E-87CC-F282F1DA75FE} = {F0751F2C-BEA9-4F4E-87CC-F282F1DA75FE}
		{8CAFD53A-05CE-4EAC-8DDA-B866FB50DAFC} = {8CAFD53A-05CE-4EAC-8DDA-B866FB50DAFC}
		{7CEDF955-98FE-4B6D-95BE-A42C812525F1} = {7CEDF955-98FE-4B6D-95BE-A42C812525F1}
		{E8043869-DF66-451D-9EC4-1CB99A2ACBF5} = {E8043869-DF66-451D-9EC4-1CB99A2ACBF5}
		{3194AB7B-AE85-4C3C-8A85-F5F568D96555} = {3194AB7B-AE85-4C3C-8A85-F5F568D96555}
		{FA681282-C4A9-4CBC-AD61-C009EE1AC02D} = {FA681282-C4A9-4CBC-AD61-C009EE1AC02D}
		{E8C4D79A-6E26-4804-8749-A19A73692883} = {E8C4D79A-6E26-4804-8749-A19A73692883}
		{73FF43BE-8290-4563-B995-64B0C7A4F72F} = {73FF43BE-8290-4563-B995-64B0C7A4F72F}
		{CA81BFD0-7AD7-41BB-8EFC-6024D1CF1D64} = {CA81BFD0-7AD7-41BB-8EFC-6024D1CF1D64}
		{F8AE5BD1-BEDD-4FDF-983F-FB25946E90CE} = {F8AE5BD1-BEDD-4FDF-983F-FB25946E90CE}
		{895D04E4-D056-421B-BCA6-AE2667EF5978} = {895D04E4-D056-421B-BCA6-AE2667EF5978}
		{260AB6E7-610D-42AD-8B8A-7802701CFAF3} = {260AB6E7-610D-42AD-8B8A-7802701CFAF3}
		{C3BB83F2-FF0C-466A-A156-0F0460B3ABB4} = {C3BB83F2-FF0C-466A-A156-0F0460B3ABB4}
	EndProjectSection
EndProject
Global
	GlobalSection(SolutionConfigurationPlatforms) = preSolution
		Debug|Win32 = Debug|Win32
		Release|Win32 = Release|Win32
	EndGlobalSection
	GlobalSection(ProjectConfigurationPlatforms) = postSolution
		{260AB6E7-610D-42AD-8B8A-7802701CFAF3}.Debug|Win32.ActiveCfg = Debug|Win32
		{260AB6E7-610D-42AD-8B8A-7802701CFAF3}.Debug|Win32.Build.0 = Debug|Win32
		{260AB6E7-610D-42AD-8B8A-7802701CFAF3}.Release|Win32.ActiveCfg = Release|Win32
		{260AB6E7-610D-42AD-8B8A-7802701CFAF3}.Release|Win32.Build.0 = Release|Win32
		{3194AB7B-AE85-4C3C-8A85-F5F568D96555}.Debug|Win32.ActiveCfg = Debug|Win32
		{3194AB7B-AE85-4C3C-8A85-F5F568D96555}.Debug|Win32.Build.0 = Debug|Win32
		{3194AB7B-AE85-4C3C-8A85-F5F568D96555}.Release|Win32.ActiveCfg = Release|Win32
		{3194AB7B-AE85-4C3C-8A85-F5F568D96555}.Release|Win32.Build.0 = Release|Win32
		{87615519-6AF6-468F-8B91-60EBE2E3A52C}.Debug|Win32.ActiveCfg = Debug|Win32
		{87615519-6AF6-468F-8B91-60EBE2E3A52C}.Debug|Win32.Build.0 = Debug|Win32
		{87615519-6AF6-468F-8B91-60EBE2E3A52C}.Release|Win32.ActiveCfg = Release|Win32
		{87615519-6AF6-468F-8B91-60EBE2E3A52C}.Release|Win32.Build.0 = Release|Win32
		{E8043869-DF66-451D-9EC4-1CB99A2ACBF5}.Debug|Win32.ActiveCfg = Debug|Win32
		{E8043869-DF66-451D-9EC4-1CB99A2ACBF5}.Debug|Win32.Build.0 = Debug|Win32
		{E8043869-DF66-451D-9EC4-1CB99A2ACBF5}.Release|Win32.ActiveCfg = Release|Win32
		{E8043869-DF66-451D-9EC4-1CB99A2ACBF5}.Release|Win32.Build.0 = Release|Win32
		{384781B3-D256-4E8B-BBDB-8B9E01BE37ED}.Debug|Win32.ActiveCfg = Debug|Win32
		{384781B3-D256-4E8B-BBDB-8B9E01BE37ED}.Debug|Win32.Build.0 = Debug|Win32
		{384781B3-D256-4E8B-BBDB-8B9E01BE37ED}.Release|Win32.ActiveCfg = Release|Win32
		{384781B3-D256-4E8B-BBDB-8B9E01BE37ED}.Release|Win32.Build.0 = Release|Win32
		{CF643404-783E-424A-BD35-F6F9FB97CE47}.Debug|Win32.ActiveCfg = Debug|Win32
		{CF643404-783E-424A-BD35-F6F9FB97CE47}.Debug|Win32.Build.0 = Debug|Win32
		{CF643404-783E-424A-BD35-F6F9FB97CE47}.Release|Win32.ActiveCfg = Release|Win32
		{CF643404-783E-424A-BD35-F6F9FB97CE47}.Release|Win32.Build.0 = Release|Win32
		{F0751F2C-BEA9-4F4E-87CC-F282F1DA75FE}.Debug|Win32.ActiveCfg = Debug|Win32
		{F0751F2C-BEA9-4F4E-87CC-F282F1DA75FE}.Debug|Win32.Build.0 = Debug|Win32
		{F0751F2C-BEA9-4F4E-87CC-F282F1DA75FE}.Release|Win32.ActiveCfg = Release|Win32
		{F0751F2C-BEA9-4F4E-87CC-F282F1DA75FE}.Release|Win32.Build.0 = Release|Win32
		{408B5F73-83D2-4A7C-A1C3-E0BB8097F474}.Debug|Win32.ActiveCfg = Debug|Win32
		{408B5F73-83D2-4A7C-A1C3-E0BB8097F474}.Debug|Win32.Build.0 = Debug|Win32
		{408B5F73-83D2-4A7C-A1C3-E0BB8097F474}.Release|Win32.ActiveCfg = Release|Win32
		{408B5F73-83D2-4A7C-A1C3-E0BB8097F474}.Release|Win32.Build.0 = Release|Win32
		{8CAFD53A-05CE-4EAC-8DDA-B866FB50DAFC}.Debug|Win32.ActiveCfg = Debug|Win32
		{8CAFD53A-05CE-4EAC-8DDA-B866FB50DAFC}.Debug|Win32.Build.0 = Debug|Win32
		{8CAFD53A-05CE-4EAC-8DDA-B866FB50DAFC}.Release|Win32.ActiveCfg = Release|Win32
		{8CAFD53A-05CE-4EAC-8DDA-B866FB50DAFC}.Release|Win32.Build.0 = Release|Win32
		{BBA2F4FE-BF94-4AC4-A4ED-A50BBE1FB5F6}.Debug|Win32.ActiveCfg = Debug|Win32
		{BBA2F4FE-BF94-4AC4-A4ED-A50BBE1FB5F6}.Debug|Win32.Build.0 = Debug|Win32
		{BBA2F4FE-BF94-4AC4-A4ED-A50BBE1FB5F6}.Release|Win32.ActiveCfg = Release|Win32
		{BBA2F4FE-BF94-4AC4-A4ED-A50BBE1FB5F6}.Release|Win32.Build.0 = Release|Win32
		{808660FC-6176-4ECF-A163-0E790863ABC6}.Debug|Win32.ActiveCfg = Debug|Win32
		{808660FC-6176-4ECF-A163-0E790863ABC6}.Debug|Win32.Build.0 = Debug|Win32
		{808660FC-6176-4ECF-A163-0E790863ABC6}.Release|Win32.ActiveCfg = Release|Win32
		{808660FC-6176-4ECF-A163-0E790863ABC6}.Release|Win32.Build.0 = Release|Win32
		{DF0223EB-A13D-44E8-AD93-555459B1574E}.Debug|Win32.ActiveCfg = Debug|Win32
		{DF0223EB-A13D-44E8-AD93-555459B1574E}.Debug|Win32.Build.0 = Debug|Win32
		{DF0223EB-A13D-44E8-AD93-555459B1574E}.Release|Win32.ActiveCfg = Release|Win32
		{DF0223EB-A13D-44E8-AD93-555459B1574E}.Release|Win32.Build.0 = Release|Win32
		{42987953-D84B-4F8E-B171-D862A0A386C4}.Debug|Win32.ActiveCfg = Debug|Win32
		{42987953-D84B-4F8E-B171-D862A0A386C4}.Debug|Win32.Build.0 = Debug|Win32
		{42987953-D84B-4F8E-B171-D862A0A386C4}.Release|Win32.ActiveCfg = Release|Win32
		{42987953-D84B-4F8E-B171-D862A0A386C4}.Release|Win32.Build.0 = Release|Win32
		{C342E420-A8FD-498B-AE6E-FB35488D358B}.Debug|Win32.ActiveCfg = Debug|Win32
		{C342E420-A8FD-498B-AE6E-FB35488D358B}.Debug|Win32.Build.0 = Debug|Win32
		{C342E420-A8FD-498B-AE6E-FB35488D358B}.Release|Win32.ActiveCfg = Release|Win32
		{C342E420-A8FD-498B-AE6E-FB35488D358B}.Release|Win32.Build.0 = Release|Win32
		{7CEDF955-98FE-4B6D-95BE-A42C812525F1}.Debug|Win32.ActiveCfg = Debug|Win32
		{7CEDF955-98FE-4B6D-95BE-A42C812525F1}.Debug|Win32.Build.0 = Debug|Win32
		{7CEDF955-98FE-4B6D-95BE-A42C812525F1}.Release|Win32.ActiveCfg = Release|Win32
		{7CEDF955-98FE-4B6D-95BE-A42C812525F1}.Release|Win32.Build.0 = Release|Win32
		{12335C91-5610-4B31-B7DB-FD52AA35A4BB}.Debug|Win32.ActiveCfg = Debug|Win32
		{12335C91-5610-4B31-B7DB-FD52AA35A4BB}.Debug|Win32.Build.0 = Debug|Win32
		{12335C91-5610-4B31-B7DB-FD52AA35A4BB}.Release|Win32.ActiveCfg = Release|Win32
		{12335C91-5610-4B31-B7DB-FD52AA35A4BB}.Release|Win32.Build.0 = Release|Win32
		{F78BF78B-6DFA-4B32-A8B1-B370ABCB2C38}.Debug|Win32.ActiveCfg = Debug|Win32
		{F78BF78B-6DFA-4B32-A8B1-B370ABCB2C38}.Debug|Win32.Build.0 = Debug|Win32
		{F78BF78B-6DFA-4B32-A8B1-B370ABCB2C38}.Release|Win32.ActiveCfg = Release|Win32
		{F78BF78B-6DFA-4B32-A8B1-B370ABCB2C38}.Release|Win32.Build.0 = Release|Win32
		{F7821F9D-0089-4176-B5BF-42AF1BF5E018}.Debug|Win32.ActiveCfg = Debug|Win32
		{F7821F9D-0089-4176-B5BF-42AF1BF5E018}.Debug|Win32.Build.0 = Debug|Win32
		{F7821F9D-0089-4176-B5BF-42AF1BF5E018}.Release|Win32.ActiveCfg = Release|Win32
		{F7821F9D-0089-4176-B5BF-42AF1BF5E018}.Release|Win32.Build.0 = Release|Win32
		{7B0844A4-CC13-4A6D-AD04-32E04160FC18}.Debug|Win32.ActiveCfg = Debug|Win32
		{7B0844A4-CC13-4A6D-AD04-32E04160FC18}.Debug|Win32.Build.0 = Debug|Win32
		{7B0844A4-CC13-4A6D-AD04-32E04160FC18}.Release|Win32.ActiveCfg = Release|Win32
		{7B0844A4-CC13-4A6D-AD04-32E04160FC18}.Release|Win32.Build.0 = Release|Win32
		{F8AE5BD1-BEDD-4FDF-983F-FB25946E90CE}.Debug|Win32.ActiveCfg = Debug|Win32
		{F8AE5BD1-BEDD-4FDF-983F-FB25946E90CE}.Debug|Win32.Build.0 = Debug|Win32
		{F8AE5BD1-BEDD-4FDF-983F-FB25946E90CE}.Release|Win32.ActiveCfg = Release|Win32
		{F8AE5BD1-BEDD-4FDF-983F-FB25946E90CE}.Release|Win32.Build.0 = Release|Win32
		{E8C4D79A-6E26-4804-8749-A19A73692883}.Debug|Win32.ActiveCfg = Debug|Win32
		{E8C4D79A-6E26-4804-8749-A19A73692883}.Debug|Win32.Build.0 = Debug|Win32
		{E8C4D79A-6E26-4804-8749-A19A73692883}.Release|Win32.ActiveCfg = Release|Win32
		{E8C4D79A-6E26-4804-8749-A19A73692883}.Release|Win32.Build.0 = Release|Win32
		{44301AA1-2848-4184-BAE0-1C4ED0BF3EAA}.Debug|Win32.ActiveCfg = Debug|Win32
		{44301AA1-2848-4184-BAE0-1C4ED0BF3EAA}.Debug|Win32.Build.0 = Debug|Win32
		{44301AA1-2848-4184-BAE0-1C4ED0BF3EAA}.Release|Win32.ActiveCfg = Release|Win32
		{44301AA1-2848-4184-BAE0-1C4ED0BF3EAA}.Release|Win32.Build.0 = Release|Win32
		{CD85A3CA-ED72-4C3C-A25B-26A39D8CD042}.Debug|Win32.ActiveCfg = Debug|Win32
		{CD85A3CA-ED72-4C3C-A25B-26A39D8CD042}.Debug|Win32.Build.0 = Debug|Win32
		{CD85A3CA-ED72-4C3C-A25B-26A39D8CD042}.Release|Win32.ActiveCfg = Release|Win32
		{CD85A3CA-ED72-4C3C-A25B-26A39D8CD042}.Release|Win32.Build.0 = Release|Win32
		{49C3C995-585C-4C51-AFF6-45A7E855401A}.Debug|Win32.ActiveCfg = Debug|Win32
		{49C3C995-585C-4C51-AFF6-45A7E855401A}.Debug|Win32.Build.0 = Debug|Win32
		{49C3C995-585C-4C51-AFF6-45A7E855401A}.Release|Win32.ActiveCfg = Release|Win32
		{49C3C995-585C-4C51-AFF6-45A7E855401A}.Release|Win32.Build.0 = Release|Win32
		{6B3B37BE-F1B7-497D-9DFA-79F105F72DE2}.Debug|Win32.ActiveCfg = Debug|Win32
		{6B3B37BE-F1B7-497D-9DFA-79F105F72DE2}.Debug|Win32.Build.0 = Debug|Win32
		{6B3B37BE-F1B7-497D-9DFA-79F105F72DE2}.Release|Win32.ActiveCfg = Release|Win32
		{6B3B37BE-F1B7-497D-9DFA-79F105F72DE2}.Release|Win32.Build.0 = Release|Win32
		{09D0D636-B5A7-48DD-87C2-839F9E34DF00}.Debug|Win32.ActiveCfg = Debug|Win32
		{09D0D636-B5A7-48DD-87C2-839F9E34DF00}.Debug|Win32.Build.0 = Debug|Win32
		{09D0D636-B5A7-48DD-87C2-839F9E34DF00}.Release|Win32.ActiveCfg = Release|Win32
		{09D0D636-B5A7-48DD-87C2-839F9E34DF00}.Release|Win32.Build.0 = Release|Win32
		{97CC838B-71E7-416D-9EFA-F164CB9BA640}.Debug|Win32.ActiveCfg = Debug|Win32
		{97CC838B-71E7-416D-9EFA-F164CB9BA640}.Debug|Win32.Build.0 = Debug|Win32
		{97CC838B-71E7-416D-9EFA-F164CB9BA640}.Release|Win32.ActiveCfg = Release|Win32
		{97CC838B-71E7-416D-9EFA-F164CB9BA640}.Release|Win32.Build.0 = Release|Win32
		{D2F16DAD-7511-443F-B341-F7CE55775FBE}.Debug|Win32.ActiveCfg = Debug|Win32
		{D2F16DAD-7511-443F-B341-F7CE55775FBE}.Debug|Win32.Build.0 = Debug|Win32
		{D2F16DAD-7511-443F-B341-F7CE55775FBE}.Release|Win32.ActiveCfg = Release|Win32
		{D2F16DAD-7511-443F-B341-F7CE55775FBE}.Release|Win32.Build.0 = Release|Win32
		{A638F14B-75CE-4CB7-BDB3-E39AB2EDE66B}.Debug|Win32.ActiveCfg = Debug|Win32
		{A638F14B-75CE-4CB7-BDB3-E39AB2EDE66B}.Debug|Win32.Build.0 = Debug|Win32
		{A638F14B-75CE-4CB7-BDB3-E39AB2EDE66B}.Release|Win32.ActiveCfg = Release|Win32
		{A638F14B-75CE-4CB7-BDB3-E39AB2EDE66B}.Release|Win32.Build.0 = Release|Win32
		{431E73A4-7A84-4BBC-BE70-011460062CCF}.Debug|Win32.ActiveCfg = Debug|Win32
		{431E73A4-7A84-4BBC-BE70-011460062CCF}.Debug|Win32.Build.0 = Debug|Win32
		{431E73A4-7A84-4BBC-BE70-011460062CCF}.Release|Win32.ActiveCfg = Release|Win32
		{431E73A4-7A84-4BBC-BE70-011460062CCF}.Release|Win32.Build.0 = Release|Win32
		{E126F572-4E1B-458A-93B6-D0C2C4727D12}.Debug|Win32.ActiveCfg = Debug|Win32
		{E126F572-4E1B-458A-93B6-D0C2C4727D12}.Debug|Win32.Build.0 = Debug|Win32
		{E126F572-4E1B-458A-93B6-D0C2C4727D12}.Release|Win32.ActiveCfg = Release|Win32
		{E126F572-4E1B-458A-93B6-D0C2C4727D12}.Release|Win32.Build.0 = Release|Win32
		{FB130133-F0B9-4D0F-86E9-BB8EFEA316EA}.Debug|Win32.ActiveCfg = Debug|Win32
		{FB130133-F0B9-4D0F-86E9-BB8EFEA316EA}.Debug|Win32.Build.0 = Debug|Win32
		{FB130133-F0B9-4D0F-86E9-BB8EFEA316EA}.Release|Win32.ActiveCfg = Release|Win32
		{FB130133-F0B9-4D0F-86E9-BB8EFEA316EA}.Release|Win32.Build.0 = Release|Win32
		{9AAE410F-DF35-40D0-968D-41BF057119A9}.Debug|Win32.ActiveCfg = Debug|Win32
		{9AAE410F-DF35-40D0-968D-41BF057119A9}.Debug|Win32.Build.0 = Debug|Win32
		{9AAE410F-DF35-40D0-968D-41BF057119A9}.Release|Win32.ActiveCfg = Release|Win32
		{9AAE410F-DF35-40D0-968D-41BF057119A9}.Release|Win32.Build.0 = Release|Win32
		{FA681282-C4A9-4CBC-AD61-C009EE1AC02D}.Debug|Win32.ActiveCfg = Debug|Win32
		{FA681282-C4A9-4CBC-AD61-C009EE1AC02D}.Debug|Win32.Build.0 = Debug|Win32
		{FA681282-C4A9-4CBC-AD61-C009EE1AC02D}.Release|Win32.ActiveCfg = Release|Win32
		{FA681282-C4A9-4CBC-AD61-C009EE1AC02D}.Release|Win32.Build.0 = Release|Win32
		{CA81BFD0-7AD7-41BB-8EFC-6024D1CF1D64}.Debug|Win32.ActiveCfg = Debug|Win32
		{CA81BFD0-7AD7-41BB-8EFC-6024D1CF1D64}.Debug|Win32.Build.0 = Debug|Win32
		{CA81BFD0-7AD7-41BB-8EFC-6024D1CF1D64}.Release|Win32.ActiveCfg = Release|Win32
		{CA81BFD0-7AD7-41BB-8EFC-6024D1CF1D64}.Release|Win32.Build.0 = Release|Win32
		{C209AA88-9DE9-4C7D-ACCE-13151A44FB45}.Debug|Win32.ActiveCfg = Debug|Win32
		{C209AA88-9DE9-4C7D-ACCE-13151A44FB45}.Debug|Win32.Build.0 = Debug|Win32
		{C209AA88-9DE9-4C7D-ACCE-13151A44FB45}.Release|Win32.ActiveCfg = Release|Win32
		{C209AA88-9DE9-4C7D-ACCE-13151A44FB45}.Release|Win32.Build.0 = Release|Win32
		{222C0102-A330-454E-9405-94FF1613650D}.Debug|Win32.ActiveCfg = Debug|Win32
		{222C0102-A330-454E-9405-94FF1613650D}.Debug|Win32.Build.0 = Debug|Win32
		{222C0102-A330-454E-9405-94FF1613650D}.Release|Win32.ActiveCfg = Release|Win32
		{222C0102-A330-454E-9405-94FF1613650D}.Release|Win32.Build.0 = Release|Win32
		{895D04E4-D056-421B-BCA6-AE2667EF5978}.Debug|Win32.ActiveCfg = Debug|Win32
		{895D04E4-D056-421B-BCA6-AE2667EF5978}.Debug|Win32.Build.0 = Debug|Win32
		{895D04E4-D056-421B-BCA6-AE2667EF5978}.Release|Win32.ActiveCfg = Release|Win32
		{895D04E4-D056-421B-BCA6-AE2667EF5978}.Release|Win32.Build.0 = Release|Win32
		{73FF43BE-8290-4563-B995-64B0C7A4F72F}.Debug|Win32.ActiveCfg = Debug|Win32
		{73FF43BE-8290-4563-B995-64B0C7A4F72F}.Debug|Win32.Build.0 = Debug|Win32
		{73FF43BE-8290-4563-B995-64B0C7A4F72F}.Release|Win32.ActiveCfg = Release|Win32
		{73FF43BE-8290-4563-B995-64B0C7A4F72F}.Release|Win32.Build.0 = Release|Win32
		{E05914D5-5936-4084-9E61-4E4F0BD6B9F1}.Debug|Win32.ActiveCfg = Debug|Win32
		{E05914D5-5936-4084-9E61-4E4F0BD6B9F1}.Debug|Win32.Build.0 = Debug|Win32
		{E05914D5-5936-4084-9E61-4E4F0BD6B9F1}.Release|Win32.ActiveCfg = Release|Win32
		{E05914D5-5936-4084-9E61-4E4F0BD6B9F1}.Release|Win32.Build.0 = Release|Win32
		{88F5ABFB-DF05-4AEE-BC11-B3828D122DA6}.Debug|Win32.ActiveCfg = Debug|Win32
		{88F5ABFB-DF05-4AEE-BC11-B3828D122DA6}.Debug|Win32.Build.0 = Debug|Win32
		{88F5ABFB-DF05-4AEE-BC11-B3828D122DA6}.Release|Win32.ActiveCfg = Release|Win32
		{88F5ABFB-DF05-4AEE-BC11-B3828D122DA6}.Release|Win32.Build.0 = Release|Win32
		{C3BB83F2-FF0C-466A-A156-0F0460B3ABB4}.Debug|Win32.ActiveCfg = Debug|Win32
		{C3BB83F2-FF0C-466A-A156-0F0460B3ABB4}.Debug|Win32.Build.0 = Debug|Win32
		{C3BB83F2-FF0C-466A-A156-0F0460B3ABB4}.Release|Win32.ActiveCfg = Release|Win32
		{C3BB83F2-FF0C-466A-A156-0F0460B3ABB4}.Release|Win32.Build.0 = Release|Win32
		{DC8F4B34-7A4C-47E1-8D21-36CE7AB997F0}.Debug|Win32.ActiveCfg = Debug|Win32
		{DC8F4B34-7A4C-47E1-8D21-36CE7AB997F0}.Debug|Win32.Build.0 = Debug|Win32
		{DC8F4B34-7A4C-47E1-8D21-36CE7AB997F0}.Release|Win32.ActiveCfg = Release|Win32
		{DC8F4B34-7A4C-47E1-8D21-36CE7AB997F0}.Release|Win32.Build.0 = Release|Win32
		{DC456A7B-A189-4EDD-822E-DB4414B6CE31}.Debug|Win32.ActiveCfg = Debug|Win32
		{DC456A7B-A189-4EDD-822E-DB4414B6CE31}.Debug|Win32.Build.0 = Debug|Win32
		{DC456A7B-A189-4EDD-822E-DB4414B6CE31}.Release|Win32.ActiveCfg = Release|Win32
		{DC456A7B-A189-4EDD-822E-DB4414B6CE31}.Release|Win32.Build.0 = Release|Win32
		{E0024D2A-EA96-414B-A17B-14378E9243DD}.Debug|Win32.ActiveCfg = Debug|Win32
		{E0024D2A-EA96-414B-A17B-14378E9243DD}.Debug|Win32.Build.0 = Debug|Win32
		{E0024D2A-EA96-414B-A17B-14378E9243DD}.Release|Win32.ActiveCfg = Release|Win32
		{E0024D2A-EA96-414B-A17B-14378E9243DD}.Release|Win32.Build.0 = Release|Win32
		{3CB180B8-BCEF-49A1-B44A-97429F642E38}.Debug|Win32.ActiveCfg = Debug|Win32
		{3CB180B8-BCEF-49A1-B44A-97429F642E38}.Debug|Win32.Build.0 = Debug|Win32
		{3CB180B8-BCEF-49A1-B44A-97429F642E38}.Release|Win32.ActiveCfg = Release|Win32
		{3CB180B8-BCEF-49A1-B44A-97429F642E38}.Release|Win32.Build.0 = Release|Win32
	EndGlobalSection
	GlobalSection(SolutionProperties) = preSolution
		HideSolutionNode = FALSE
	EndGlobalSection
EndGlobal
